// !$*UTF8*$!
{
	archiveVersion = 1;
	classes = {
	};
	objectVersion = 50;
	objects = {

/* Begin PBXBuildFile section */
		2C09B753234DF78100CD14C0 /* AppDelegate.swift in Sources */ = {isa = PBXBuildFile; fileRef = 2C09B752234DF78100CD14C0 /* AppDelegate.swift */; };
		2C09B755234DF78100CD14C0 /* SceneDelegate.swift in Sources */ = {isa = PBXBuildFile; fileRef = 2C09B754234DF78100CD14C0 /* SceneDelegate.swift */; };
		2C09B757234DF78100CD14C0 /* ViewController.swift in Sources */ = {isa = PBXBuildFile; fileRef = 2C09B756234DF78100CD14C0 /* ViewController.swift */; };
		2C09B75A234DF78100CD14C0 /* Main.storyboard in Resources */ = {isa = PBXBuildFile; fileRef = 2C09B758234DF78100CD14C0 /* Main.storyboard */; };
		2C09B75C234DF78200CD14C0 /* Assets.xcassets in Resources */ = {isa = PBXBuildFile; fileRef = 2C09B75B234DF78200CD14C0 /* Assets.xcassets */; };
		2C09B75F234DF78200CD14C0 /* LaunchScreen.storyboard in Resources */ = {isa = PBXBuildFile; fileRef = 2C09B75D234DF78200CD14C0 /* LaunchScreen.storyboard */; };
		2C09B76A234DF78200CD14C0 /* IUE_Worksheed3Tests.swift in Sources */ = {isa = PBXBuildFile; fileRef = 2C09B769234DF78200CD14C0 /* IUE_Worksheed3Tests.swift */; };
		2C09B775234DF78300CD14C0 /* IUE_Worksheed3UITests.swift in Sources */ = {isa = PBXBuildFile; fileRef = 2C09B774234DF78300CD14C0 /* IUE_Worksheed3UITests.swift */; };
		2C9F57492357367400AE9C45 /* PhotoCollectionViewCell.swift in Sources */ = {isa = PBXBuildFile; fileRef = 2C9F57482357367400AE9C45 /* PhotoCollectionViewCell.swift */; };
/* End PBXBuildFile section */

/* Begin PBXContainerItemProxy section */
		2C09B766234DF78200CD14C0 /* PBXContainerItemProxy */ = {
			isa = PBXContainerItemProxy;
			containerPortal = 2C09B747234DF78100CD14C0 /* Project object */;
			proxyType = 1;
			remoteGlobalIDString = 2C09B74E234DF78100CD14C0;
			remoteInfo = "IUE-Worksheed3";
		};
		2C09B771234DF78300CD14C0 /* PBXContainerItemProxy */ = {
			isa = PBXContainerItemProxy;
			containerPortal = 2C09B747234DF78100CD14C0 /* Project object */;
			proxyType = 1;
			remoteGlobalIDString = 2C09B74E234DF78100CD14C0;
			remoteInfo = "IUE-Worksheed3";
		};
/* End PBXContainerItemProxy section */

/* Begin PBXFileReference section */
		2C09B74F234DF78100CD14C0 /* IUE-Worksheed3.app */ = {isa = PBXFileReference; explicitFileType = wrapper.application; includeInIndex = 0; path = "IUE-Worksheed3.app"; sourceTree = BUILT_PRODUCTS_DIR; };
		2C09B752234DF78100CD14C0 /* AppDelegate.swift */ = {isa = PBXFileReference; lastKnownFileType = sourcecode.swift; path = AppDelegate.swift; sourceTree = "<group>"; };
		2C09B754234DF78100CD14C0 /* SceneDelegate.swift */ = {isa = PBXFileReference; lastKnownFileType = sourcecode.swift; path = SceneDelegate.swift; sourceTree = "<group>"; };
		2C09B756234DF78100CD14C0 /* ViewController.swift */ = {isa = PBXFileReference; lastKnownFileType = sourcecode.swift; path = ViewController.swift; sourceTree = "<group>"; };
		2C09B759234DF78100CD14C0 /* Base */ = {isa = PBXFileReference; lastKnownFileType = file.storyboard; name = Base; path = Base.lproj/Main.storyboard; sourceTree = "<group>"; };
		2C09B75B234DF78200CD14C0 /* Assets.xcassets */ = {isa = PBXFileReference; lastKnownFileType = folder.assetcatalog; path = Assets.xcassets; sourceTree = "<group>"; };
		2C09B75E234DF78200CD14C0 /* Base */ = {isa = PBXFileReference; lastKnownFileType = file.storyboard; name = Base; path = Base.lproj/LaunchScreen.storyboard; sourceTree = "<group>"; };
		2C09B760234DF78200CD14C0 /* Info.plist */ = {isa = PBXFileReference; lastKnownFileType = text.plist.xml; path = Info.plist; sourceTree = "<group>"; };
		2C09B765234DF78200CD14C0 /* IUE-Worksheed3Tests.xctest */ = {isa = PBXFileReference; explicitFileType = wrapper.cfbundle; includeInIndex = 0; path = "IUE-Worksheed3Tests.xctest"; sourceTree = BUILT_PRODUCTS_DIR; };
		2C09B769234DF78200CD14C0 /* IUE_Worksheed3Tests.swift */ = {isa = PBXFileReference; lastKnownFileType = sourcecode.swift; path = IUE_Worksheed3Tests.swift; sourceTree = "<group>"; };
		2C09B76B234DF78200CD14C0 /* Info.plist */ = {isa = PBXFileReference; lastKnownFileType = text.plist.xml; path = Info.plist; sourceTree = "<group>"; };
		2C09B770234DF78300CD14C0 /* IUE-Worksheed3UITests.xctest */ = {isa = PBXFileReference; explicitFileType = wrapper.cfbundle; includeInIndex = 0; path = "IUE-Worksheed3UITests.xctest"; sourceTree = BUILT_PRODUCTS_DIR; };
		2C09B774234DF78300CD14C0 /* IUE_Worksheed3UITests.swift */ = {isa = PBXFileReference; lastKnownFileType = sourcecode.swift; path = IUE_Worksheed3UITests.swift; sourceTree = "<group>"; };
		2C09B776234DF78300CD14C0 /* Info.plist */ = {isa = PBXFileReference; lastKnownFileType = text.plist.xml; path = Info.plist; sourceTree = "<group>"; };
		2C9F57482357367400AE9C45 /* PhotoCollectionViewCell.swift */ = {isa = PBXFileReference; lastKnownFileType = sourcecode.swift; path = PhotoCollectionViewCell.swift; sourceTree = "<group>"; };
		2C9F574E235737BF00AE9C45 /* PhotosCollectionViewController.swift */ = {isa = PBXFileReference; lastKnownFileType = sourcecode.swift; path = PhotosCollectionViewController.swift; sourceTree = "<group>"; };
/* End PBXFileReference section */

/* Begin PBXFrameworksBuildPhase section */
		2C09B74C234DF78100CD14C0 /* Frameworks */ = {
			isa = PBXFrameworksBuildPhase;
			buildActionMask = 2147483647;
			files = (
			);
			runOnlyForDeploymentPostprocessing = 0;
		};
		2C09B762234DF78200CD14C0 /* Frameworks */ = {
			isa = PBXFrameworksBuildPhase;
			buildActionMask = 2147483647;
			files = (
			);
			runOnlyForDeploymentPostprocessing = 0;
		};
		2C09B76D234DF78300CD14C0 /* Frameworks */ = {
			isa = PBXFrameworksBuildPhase;
			buildActionMask = 2147483647;
			files = (
			);
			runOnlyForDeploymentPostprocessing = 0;
		};
/* End PBXFrameworksBuildPhase section */

/* Begin PBXGroup section */
		2C09B746234DF78100CD14C0 = {
			isa = PBXGroup;
			children = (
				2C09B751234DF78100CD14C0 /* IUE-Worksheed3 */,
				2C09B768234DF78200CD14C0 /* IUE-Worksheed3Tests */,
				2C09B773234DF78300CD14C0 /* IUE-Worksheed3UITests */,
				2C09B750234DF78100CD14C0 /* Products */,
			);
			sourceTree = "<group>";
		};
		2C09B750234DF78100CD14C0 /* Products */ = {
			isa = PBXGroup;
			children = (
				2C09B74F234DF78100CD14C0 /* IUE-Worksheed3.app */,
				2C09B765234DF78200CD14C0 /* IUE-Worksheed3Tests.xctest */,
				2C09B770234DF78300CD14C0 /* IUE-Worksheed3UITests.xctest */,
			);
			name = Products;
			sourceTree = "<group>";
		};
		2C09B751234DF78100CD14C0 /* IUE-Worksheed3 */ = {
			isa = PBXGroup;
			children = (
				2C09B752234DF78100CD14C0 /* AppDelegate.swift */,
				2C09B754234DF78100CD14C0 /* SceneDelegate.swift */,
				2C09B756234DF78100CD14C0 /* ViewController.swift */,
				2C09B758234DF78100CD14C0 /* Main.storyboard */,
				2C9F574E235737BF00AE9C45 /* PhotosCollectionViewController.swift */,
				2C9F57482357367400AE9C45 /* PhotoCollectionViewCell.swift */,
				2C09B75B234DF78200CD14C0 /* Assets.xcassets */,
				2C09B75D234DF78200CD14C0 /* LaunchScreen.storyboard */,
				2C09B760234DF78200CD14C0 /* Info.plist */,
			);
			path = "IUE-Worksheed3";
			sourceTree = "<group>";
		};
		2C09B768234DF78200CD14C0 /* IUE-Worksheed3Tests */ = {
			isa = PBXGroup;
			children = (
				2C09B769234DF78200CD14C0 /* IUE_Worksheed3Tests.swift */,
				2C09B76B234DF78200CD14C0 /* Info.plist */,
			);
			path = "IUE-Worksheed3Tests";
			sourceTree = "<group>";
		};
		2C09B773234DF78300CD14C0 /* IUE-Worksheed3UITests */ = {
			isa = PBXGroup;
			children = (
				2C09B774234DF78300CD14C0 /* IUE_Worksheed3UITests.swift */,
				2C09B776234DF78300CD14C0 /* Info.plist */,
			);
			path = "IUE-Worksheed3UITests";
			sourceTree = "<group>";
		};
/* End PBXGroup section */

/* Begin PBXNativeTarget section */
		2C09B74E234DF78100CD14C0 /* IUE-Worksheed3 */ = {
			isa = PBXNativeTarget;
			buildConfigurationList = 2C09B779234DF78300CD14C0 /* Build configuration list for PBXNativeTarget "IUE-Worksheed3" */;
			buildPhases = (
				2C09B74B234DF78100CD14C0 /* Sources */,
				2C09B74C234DF78100CD14C0 /* Frameworks */,
				2C09B74D234DF78100CD14C0 /* Resources */,
			);
			buildRules = (
			);
			dependencies = (
			);
			name = "IUE-Worksheed3";
			productName = "IUE-Worksheed3";
			productReference = 2C09B74F234DF78100CD14C0 /* IUE-Worksheed3.app */;
			productType = "com.apple.product-type.application";
		};
		2C09B764234DF78200CD14C0 /* IUE-Worksheed3Tests */ = {
			isa = PBXNativeTarget;
			buildConfigurationList = 2C09B77C234DF78300CD14C0 /* Build configuration list for PBXNativeTarget "IUE-Worksheed3Tests" */;
			buildPhases = (
				2C09B761234DF78200CD14C0 /* Sources */,
				2C09B762234DF78200CD14C0 /* Frameworks */,
				2C09B763234DF78200CD14C0 /* Resources */,
			);
			buildRules = (
			);
			dependencies = (
				2C09B767234DF78200CD14C0 /* PBXTargetDependency */,
			);
			name = "IUE-Worksheed3Tests";
			productName = "IUE-Worksheed3Tests";
			productReference = 2C09B765234DF78200CD14C0 /* IUE-Worksheed3Tests.xctest */;
			productType = "com.apple.product-type.bundle.unit-test";
		};
		2C09B76F234DF78300CD14C0 /* IUE-Worksheed3UITests */ = {
			isa = PBXNativeTarget;
			buildConfigurationList = 2C09B77F234DF78300CD14C0 /* Build configuration list for PBXNativeTarget "IUE-Worksheed3UITests" */;
			buildPhases = (
				2C09B76C234DF78300CD14C0 /* Sources */,
				2C09B76D234DF78300CD14C0 /* Frameworks */,
				2C09B76E234DF78300CD14C0 /* Resources */,
			);
			buildRules = (
			);
			dependencies = (
				2C09B772234DF78300CD14C0 /* PBXTargetDependency */,
			);
			name = "IUE-Worksheed3UITests";
			productName = "IUE-Worksheed3UITests";
			productReference = 2C09B770234DF78300CD14C0 /* IUE-Worksheed3UITests.xctest */;
			productType = "com.apple.product-type.bundle.ui-testing";
		};
/* End PBXNativeTarget section */

/* Begin PBXProject section */
		2C09B747234DF78100CD14C0 /* Project object */ = {
			isa = PBXProject;
			attributes = {
				LastSwiftUpdateCheck = 1100;
				LastUpgradeCheck = 1100;
				ORGANIZATIONNAME = formando;
				TargetAttributes = {
					2C09B74E234DF78100CD14C0 = {
						CreatedOnToolsVersion = 11.0;
					};
					2C09B764234DF78200CD14C0 = {
						CreatedOnToolsVersion = 11.0;
						TestTargetID = 2C09B74E234DF78100CD14C0;
					};
					2C09B76F234DF78300CD14C0 = {
						CreatedOnToolsVersion = 11.0;
						TestTargetID = 2C09B74E234DF78100CD14C0;
					};
				};
			};
			buildConfigurationList = 2C09B74A234DF78100CD14C0 /* Build configuration list for PBXProject "IUE-Worksheed3" */;
			compatibilityVersion = "Xcode 9.3";
			developmentRegion = en;
			hasScannedForEncodings = 0;
			knownRegions = (
				en,
				Base,
			);
			mainGroup = 2C09B746234DF78100CD14C0;
			productRefGroup = 2C09B750234DF78100CD14C0 /* Products */;
			projectDirPath = "";
			projectRoot = "";
			targets = (
				2C09B74E234DF78100CD14C0 /* IUE-Worksheed3 */,
				2C09B764234DF78200CD14C0 /* IUE-Worksheed3Tests */,
				2C09B76F234DF78300CD14C0 /* IUE-Worksheed3UITests */,
			);
		};
/* End PBXProject section */

/* Begin PBXResourcesBuildPhase section */
		2C09B74D234DF78100CD14C0 /* Resources */ = {
			isa = PBXResourcesBuildPhase;
			buildActionMask = 2147483647;
			files = (
				2C09B75F234DF78200CD14C0 /* LaunchScreen.storyboard in Resources */,
				2C09B75C234DF78200CD14C0 /* Assets.xcassets in Resources */,
				2C09B75A234DF78100CD14C0 /* Main.storyboard in Resources */,
			);
			runOnlyForDeploymentPostprocessing = 0;
		};
		2C09B763234DF78200CD14C0 /* Resources */ = {
			isa = PBXResourcesBuildPhase;
			buildActionMask = 2147483647;
			files = (
			);
			runOnlyForDeploymentPostprocessing = 0;
		};
		2C09B76E234DF78300CD14C0 /* Resources */ = {
			isa = PBXResourcesBuildPhase;
			buildActionMask = 2147483647;
			files = (
			);
			runOnlyForDeploymentPostprocessing = 0;
		};
/* End PBXResourcesBuildPhase section */

/* Begin PBXSourcesBuildPhase section */
		2C09B74B234DF78100CD14C0 /* Sources */ = {
			isa = PBXSourcesBuildPhase;
			buildActionMask = 2147483647;
			files = (
				2C09B757234DF78100CD14C0 /* ViewController.swift in Sources */,
				2C9F57492357367400AE9C45 /* PhotoCollectionViewCell.swift in Sources */,
				2C09B753234DF78100CD14C0 /* AppDelegate.swift in Sources */,
				2C09B755234DF78100CD14C0 /* SceneDelegate.swift in Sources */,
			);
			runOnlyForDeploymentPostprocessing = 0;
		};
		2C09B761234DF78200CD14C0 /* Sources */ = {
			isa = PBXSourcesBuildPhase;
			buildActionMask = 2147483647;
			files = (
				2C09B76A234DF78200CD14C0 /* IUE_Worksheed3Tests.swift in Sources */,
			);
			runOnlyForDeploymentPostprocessing = 0;
		};
		2C09B76C234DF78300CD14C0 /* Sources */ = {
			isa = PBXSourcesBuildPhase;
			buildActionMask = 2147483647;
			files = (
				2C09B775234DF78300CD14C0 /* IUE_Worksheed3UITests.swift in Sources */,
			);
			runOnlyForDeploymentPostprocessing = 0;
		};
/* End PBXSourcesBuildPhase section */

/* Begin PBXTargetDependency section */
		2C09B767234DF78200CD14C0 /* PBXTargetDependency */ = {
			isa = PBXTargetDependency;
			target = 2C09B74E234DF78100CD14C0 /* IUE-Worksheed3 */;
			targetProxy = 2C09B766234DF78200CD14C0 /* PBXContainerItemProxy */;
		};
		2C09B772234DF78300CD14C0 /* PBXTargetDependency */ = {
			isa = PBXTargetDependency;
			target = 2C09B74E234DF78100CD14C0 /* IUE-Worksheed3 */;
			targetProxy = 2C09B771234DF78300CD14C0 /* PBXContainerItemProxy */;
		};
/* End PBXTargetDependency section */

/* Begin PBXVariantGroup section */
		2C09B758234DF78100CD14C0 /* Main.storyboard */ = {
			isa = PBXVariantGroup;
			children = (
				2C09B759234DF78100CD14C0 /* Base */,
			);
			name = Main.storyboard;
			sourceTree = "<group>";
		};
		2C09B75D234DF78200CD14C0 /* LaunchScreen.storyboard */ = {
			isa = PBXVariantGroup;
			children = (
				2C09B75E234DF78200CD14C0 /* Base */,
			);
			name = LaunchScreen.storyboard;
			sourceTree = "<group>";
		};
/* End PBXVariantGroup section */

/* Begin XCBuildConfiguration section */
		2C09B777234DF78300CD14C0 /* Debug */ = {
			isa = XCBuildConfiguration;
			buildSettings = {
				ALWAYS_SEARCH_USER_PATHS = NO;
				CLANG_ANALYZER_NONNULL = YES;
				CLANG_ANALYZER_NUMBER_OBJECT_CONVERSION = YES_AGGRESSIVE;
				CLANG_CXX_LANGUAGE_STANDARD = "gnu++14";
				CLANG_CXX_LIBRARY = "libc++";
				CLANG_ENABLE_MODULES = YES;
				CLANG_ENABLE_OBJC_ARC = YES;
				CLANG_ENABLE_OBJC_WEAK = YES;
				CLANG_WARN_BLOCK_CAPTURE_AUTORELEASING = YES;
				CLANG_WARN_BOOL_CONVERSION = YES;
				CLANG_WARN_COMMA = YES;
				CLANG_WARN_CONSTANT_CONVERSION = YES;
				CLANG_WARN_DEPRECATED_OBJC_IMPLEMENTATIONS = YES;
				CLANG_WARN_DIRECT_OBJC_ISA_USAGE = YES_ERROR;
				CLANG_WARN_DOCUMENTATION_COMMENTS = YES;
				CLANG_WARN_EMPTY_BODY = YES;
				CLANG_WARN_ENUM_CONVERSION = YES;
				CLANG_WARN_INFINITE_RECURSION = YES;
				CLANG_WARN_INT_CONVERSION = YES;
				CLANG_WARN_NON_LITERAL_NULL_CONVERSION = YES;
				CLANG_WARN_OBJC_IMPLICIT_RETAIN_SELF = YES;
				CLANG_WARN_OBJC_LITERAL_CONVERSION = YES;
				CLANG_WARN_OBJC_ROOT_CLASS = YES_ERROR;
				CLANG_WARN_RANGE_LOOP_ANALYSIS = YES;
				CLANG_WARN_STRICT_PROTOTYPES = YES;
				CLANG_WARN_SUSPICIOUS_MOVE = YES;
				CLANG_WARN_UNGUARDED_AVAILABILITY = YES_AGGRESSIVE;
				CLANG_WARN_UNREACHABLE_CODE = YES;
				CLANG_WARN__DUPLICATE_METHOD_MATCH = YES;
				COPY_PHASE_STRIP = NO;
				DEBUG_INFORMATION_FORMAT = dwarf;
				ENABLE_STRICT_OBJC_MSGSEND = YES;
				ENABLE_TESTABILITY = YES;
				GCC_C_LANGUAGE_STANDARD = gnu11;
				GCC_DYNAMIC_NO_PIC = NO;
				GCC_NO_COMMON_BLOCKS = YES;
				GCC_OPTIMIZATION_LEVEL = 0;
				GCC_PREPROCESSOR_DEFINITIONS = (
					"DEBUG=1",
					"$(inherited)",
				);
				GCC_WARN_64_TO_32_BIT_CONVERSION = YES;
				GCC_WARN_ABOUT_RETURN_TYPE = YES_ERROR;
				GCC_WARN_UNDECLARED_SELECTOR = YES;
				GCC_WARN_UNINITIALIZED_AUTOS = YES_AGGRESSIVE;
				GCC_WARN_UNUSED_FUNCTION = YES;
				GCC_WARN_UNUSED_VARIABLE = YES;
				IPHONEOS_DEPLOYMENT_TARGET = 13.0;
				MTL_ENABLE_DEBUG_INFO = INCLUDE_SOURCE;
				MTL_FAST_MATH = YES;
				ONLY_ACTIVE_ARCH = YES;
				SDKROOT = iphoneos;
				SWIFT_ACTIVE_COMPILATION_CONDITIONS = DEBUG;
				SWIFT_OPTIMIZATION_LEVEL = "-Onone";
			};
			name = Debug;
		};
		2C09B778234DF78300CD14C0 /* Release */ = {
			isa = XCBuildConfiguration;
			buildSettings = {
				ALWAYS_SEARCH_USER_PATHS = NO;
				CLANG_ANALYZER_NONNULL = YES;
				CLANG_ANALYZER_NUMBER_OBJECT_CONVERSION = YES_AGGRESSIVE;
				CLANG_CXX_LANGUAGE_STANDARD = "gnu++14";
				CLANG_CXX_LIBRARY = "libc++";
				CLANG_ENABLE_MODULES = YES;
				CLANG_ENABLE_OBJC_ARC = YES;
				CLANG_ENABLE_OBJC_WEAK = YES;
				CLANG_WARN_BLOCK_CAPTURE_AUTORELEASING = YES;
				CLANG_WARN_BOOL_CONVERSION = YES;
				CLANG_WARN_COMMA = YES;
				CLANG_WARN_CONSTANT_CONVERSION = YES;
				CLANG_WARN_DEPRECATED_OBJC_IMPLEMENTATIONS = YES;
				CLANG_WARN_DIRECT_OBJC_ISA_USAGE = YES_ERROR;
				CLANG_WARN_DOCUMENTATION_COMMENTS = YES;
				CLANG_WARN_EMPTY_BODY = YES;
				CLANG_WARN_ENUM_CONVERSION = YES;
				CLANG_WARN_INFINITE_RECURSION = YES;
				CLANG_WARN_INT_CONVERSION = YES;
				CLANG_WARN_NON_LITERAL_NULL_CONVERSION = YES;
				CLANG_WARN_OBJC_IMPLICIT_RETAIN_SELF = YES;
				CLANG_WARN_OBJC_LITERAL_CONVERSION = YES;
				CLANG_WARN_OBJC_ROOT_CLASS = YES_ERROR;
				CLANG_WARN_RANGE_LOOP_ANALYSIS = YES;
				CLANG_WARN_STRICT_PROTOTYPES = YES;
				CLANG_WARN_SUSPICIOUS_MOVE = YES;
				CLANG_WARN_UNGUARDED_AVAILABILITY = YES_AGGRESSIVE;
				CLANG_WARN_UNREACHABLE_CODE = YES;
				CLANG_WARN__DUPLICATE_METHOD_MATCH = YES;
				COPY_PHASE_STRIP = NO;
				DEBUG_INFORMATION_FORMAT = "dwarf-with-dsym";
				ENABLE_NS_ASSERTIONS = NO;
				ENABLE_STRICT_OBJC_MSGSEND = YES;
				GCC_C_LANGUAGE_STANDARD = gnu11;
				GCC_NO_COMMON_BLOCKS = YES;
				GCC_WARN_64_TO_32_BIT_CONVERSION = YES;
				GCC_WARN_ABOUT_RETURN_TYPE = YES_ERROR;
				GCC_WARN_UNDECLARED_SELECTOR = YES;
				GCC_WARN_UNINITIALIZED_AUTOS = YES_AGGRESSIVE;
				GCC_WARN_UNUSED_FUNCTION = YES;
				GCC_WARN_UNUSED_VARIABLE = YES;
				IPHONEOS_DEPLOYMENT_TARGET = 13.0;
				MTL_ENABLE_DEBUG_INFO = NO;
				MTL_FAST_MATH = YES;
				SDKROOT = iphoneos;
				SWIFT_COMPILATION_MODE = wholemodule;
				SWIFT_OPTIMIZATION_LEVEL = "-O";
				VALIDATE_PRODUCT = YES;
			};
			name = Release;
		};
		2C09B77A234DF78300CD14C0 /* Debug */ = {
			isa = XCBuildConfiguration;
			buildSettings = {
				ASSETCATALOG_COMPILER_APPICON_NAME = AppIcon;
				CODE_SIGN_STYLE = Automatic;
				INFOPLIST_FILE = "IUE-Worksheed3/Info.plist";
				LD_RUNPATH_SEARCH_PATHS = (
					"$(inherited)",
					"@executable_path/Frameworks",
				);
				PRODUCT_BUNDLE_IDENTIFIER = "IPL.IUE-Worksheed3";
				PRODUCT_NAME = "$(TARGET_NAME)";
				SWIFT_VERSION = 5.0;
				TARGETED_DEVICE_FAMILY = "1,2";
			};
			name = Debug;
		};
		2C09B77B234DF78300CD14C0 /* Release */ = {
			isa = XCBuildConfiguration;
			buildSettings = {
				ASSETCATALOG_COMPILER_APPICON_NAME = AppIcon;
				CODE_SIGN_STYLE = Automatic;
				INFOPLIST_FILE = "IUE-Worksheed3/Info.plist";
				LD_RUNPATH_SEARCH_PATHS = (
					"$(inherited)",
					"@executable_path/Frameworks",
				);
				PRODUCT_BUNDLE_IDENTIFIER = "IPL.IUE-Worksheed3";
				PRODUCT_NAME = "$(TARGET_NAME)";
				SWIFT_VERSION = 5.0;
				TARGETED_DEVICE_FAMILY = "1,2";
			};
			name = Release;
		};
		2C09B77D234DF78300CD14C0 /* Debug */ = {
			isa = XCBuildConfiguration;
			buildSettings = {
				ALWAYS_EMBED_SWIFT_STANDARD_LIBRARIES = YES;
				BUNDLE_LOADER = "$(TEST_HOST)";
				CODE_SIGN_STYLE = Automatic;
				INFOPLIST_FILE = "IUE-Worksheed3Tests/Info.plist";
				IPHONEOS_DEPLOYMENT_TARGET = 13.0;
				LD_RUNPATH_SEARCH_PATHS = (
					"$(inherited)",
					"@executable_path/Frameworks",
					"@loader_path/Frameworks",
				);
				PRODUCT_BUNDLE_IDENTIFIER = "IPL.IUE-Worksheed3Tests";
				PRODUCT_NAME = "$(TARGET_NAME)";
				SWIFT_VERSION = 5.0;
				TARGETED_DEVICE_FAMILY = "1,2";
				TEST_HOST = "$(BUILT_PRODUCTS_DIR)/IUE-Worksheed3.app/IUE-Worksheed3";
			};
			name = Debug;
		};
		2C09B77E234DF78300CD14C0 /* Release */ = {
			isa = XCBuildConfiguration;
			buildSettings = {
				ALWAYS_EMBED_SWIFT_STANDARD_LIBRARIES = YES;
				BUNDLE_LOADER = "$(TEST_HOST)";
				CODE_SIGN_STYLE = Automatic;
				INFOPLIST_FILE = "IUE-Worksheed3Tests/Info.plist";
				IPHONEOS_DEPLOYMENT_TARGET = 13.0;
				LD_RUNPATH_SEARCH_PATHS = (
					"$(inherited)",
					"@executable_path/Frameworks",
					"@loader_path/Frameworks",
				);
				PRODUCT_BUNDLE_IDENTIFIER = "IPL.IUE-Worksheed3Tests";
				PRODUCT_NAME = "$(TARGET_NAME)";
				SWIFT_VERSION = 5.0;
				TARGETED_DEVICE_FAMILY = "1,2";
				TEST_HOST = "$(BUILT_PRODUCTS_DIR)/IUE-Worksheed3.app/IUE-Worksheed3";
			};
			name = Release;
		};
		2C09B780234DF78300CD14C0 /* Debug */ = {
			isa = XCBuildConfiguration;
			buildSettings = {
				ALWAYS_EMBED_SWIFT_STANDARD_LIBRARIES = YES;
				CODE_SIGN_STYLE = Automatic;
				INFOPLIST_FILE = "IUE-Worksheed3UITests/Info.plist";
				LD_RUNPATH_SEARCH_PATHS = (
					"$(inherited)",
					"@executable_path/Frameworks",
					"@loader_path/Frameworks",
				);
				PRODUCT_BUNDLE_IDENTIFIER = "IPL.IUE-Worksheed3UITests";
				PRODUCT_NAME = "$(TARGET_NAME)";
				SWIFT_VERSION = 5.0;
				TARGETED_DEVICE_FAMILY = "1,2";
				TEST_TARGET_NAME = "IUE-Worksheed3";
			};
			name = Debug;
		};
		2C09B781234DF78300CD14C0 /* Release */ = {
			isa = XCBuildConfiguration;
			buildSettings = {
				ALWAYS_EMBED_SWIFT_STANDARD_LIBRARIES = YES;
				CODE_SIGN_STYLE = Automatic;
				INFOPLIST_FILE = "IUE-Worksheed3UITests/Info.plist";
				LD_RUNPATH_SEARCH_PATHS = (
					"$(inherited)",
					"@executable_path/Frameworks",
					"@loader_path/Frameworks",
				);
				PRODUCT_BUNDLE_IDENTIFIER = "IPL.IUE-Worksheed3UITests";
				PRODUCT_NAME = "$(TARGET_NAME)";
				SWIFT_VERSION = 5.0;
				TARGETED_DEVICE_FAMILY = "1,2";
				TEST_TARGET_NAME = "IUE-Worksheed3";
			};
			name = Release;
		};
/* End XCBuildConfiguration section */

/* Begin XCConfigurationList section */
		2C09B74A234DF78100CD14C0 /* Build configuration list for PBXProject "IUE-Worksheed3" */ = {
			isa = XCConfigurationList;
			buildConfigurations = (
				2C09B777234DF78300CD14C0 /* Debug */,
				2C09B778234DF78300CD14C0 /* Release */,
			);
			defaultConfigurationIsVisible = 0;
			defaultConfigurationName = Release;
		};
		2C09B779234DF78300CD14C0 /* Build configuration list for PBXNativeTarget "IUE-Worksheed3" */ = {
			isa = XCConfigurationList;
			buildConfigurations = (
				2C09B77A234DF78300CD14C0 /* Debug */,
				2C09B77B234DF78300CD14C0 /* Release */,
			);
			defaultConfigurationIsVisible = 0;
			defaultConfigurationName = Release;
		};
		2C09B77C234DF78300CD14C0 /* Build configuration list for PBXNativeTarget "IUE-Worksheed3Tests" */ = {
			isa = XCConfigurationList;
			buildConfigurations = (
				2C09B77D234DF78300CD14C0 /* Debug */,
				2C09B77E234DF78300CD14C0 /* Release */,
			);
			defaultConfigurationIsVisible = 0;
			defaultConfigurationName = Release;
		};
		2C09B77F234DF78300CD14C0 /* Build configuration list for PBXNativeTarget "IUE-Worksheed3UITests" */ = {
			isa = XCConfigurationList;
			buildConfigurations = (
				2C09B780234DF78300CD14C0 /* Debug */,
				2C09B781234DF78300CD14C0 /* Release */,
			);
			defaultConfigurationIsVisible = 0;
			defaultConfigurationName = Release;
		};
/* End XCConfigurationList section */
	};
	rootObject = 2C09B747234DF78100CD14C0 /* Project object */;
}
